
Microsoft Visual Studio Solution File, Format Version 12.00
# Visual Studio Version 17
VisualStudioVersion = 17.4.33213.308
MinimumVisualStudioVersion = 10.0.40219.1
Project("{FAE04EC0-301F-11D3-BF4B-00C04F79EFBC}") = "Uptime.Server", "Uptime\Server\Uptime.Server.csproj", "{E1FBEC24-EC40-45B8-9E6E-B4C8EA824051}"
EndProject
Project("{FAE04EC0-301F-11D3-BF4B-00C04F79EFBC}") = "Uptime.Client", "Uptime\Client\Uptime.Client.csproj", "{D8E08000-7211-431C-B9F6-8AE1DB647C6F}"
EndProject
Project("{FAE04EC0-301F-11D3-BF4B-00C04F79EFBC}") = "Uptime.Shared", "Uptime\Shared\Uptime.Shared.csproj", "{2F6ED162-B260-48C3-8A6A-90C944466E81}"
EndProject
Global
	GlobalSection(SolutionConfigurationPlatforms) = preSolution
		Debug|Any CPU = Debug|Any CPU
		Release|Any CPU = Release|Any CPU
	EndGlobalSection
	GlobalSection(ProjectConfigurationPlatforms) = postSolution
		{E1FBEC24-EC40-45B8-9E6E-B4C8EA824051}.Debug|Any CPU.ActiveCfg = Debug|Any CPU
		{E1FBEC24-EC40-45B8-9E6E-B4C8EA824051}.Debug|Any CPU.Build.0 = Debug|Any CPU
		{E1FBEC24-EC40-45B8-9E6E-B4C8EA824051}.Release|Any CPU.ActiveCfg = Release|Any CPU
		{E1FBEC24-EC40-45B8-9E6E-B4C8EA824051}.Release|Any CPU.Build.0 = Release|Any CPU
		{D8E08000-7211-431C-B9F6-8AE1DB647C6F}.Debug|Any CPU.ActiveCfg = Debug|Any CPU
		{D8E08000-7211-431C-B9F6-8AE1DB647C6F}.Debug|Any CPU.Build.0 = Debug|Any CPU
		{D8E08000-7211-431C-B9F6-8AE1DB647C6F}.Release|Any CPU.ActiveCfg = Release|Any CPU
		{D8E08000-7211-431C-B9F6-8AE1DB647C6F}.Release|Any CPU.Build.0 = Release|Any CPU
		{2F6ED162-B260-48C3-8A6A-90C944466E81}.Debug|Any CPU.ActiveCfg = Debug|Any CPU
		{2F6ED162-B260-48C3-8A6A-90C944466E81}.Debug|Any CPU.Build.0 = Debug|Any CPU
		{2F6ED162-B260-48C3-8A6A-90C944466E81}.Release|Any CPU.ActiveCfg = Release|Any CPU
		{2F6ED162-B260-48C3-8A6A-90C944466E81}.Release|Any CPU.Build.0 = Release|Any CPU
	EndGlobalSection
	GlobalSection(SolutionProperties) = preSolution
		HideSolutionNode = FALSE
	EndGlobalSection
	GlobalSection(ExtensibilityGlobals) = postSolution
		SolutionGuid = {CB8D4DF6-08B3-479E-BA4E-1381C4AB4A22}
	EndGlobalSection
EndGlobal
